
Microsoft Visual Studio Solution File, Format Version 12.00
# Visual Studio Version 17
VisualStudioVersion = 17.0.32014.148
MinimumVisualStudioVersion = 10.0.40219.1
Project("{FAE04EC0-301F-11D3-BF4B-00C04F79EFBC}") = "alfasoftexam", "alfasoftexam\alfasoftexam.csproj", "{FEBF0605-B5B8-4100-8C1C-1056F148818D}"
EndProject
Global
	GlobalSection(SolutionConfigurationPlatforms) = preSolution
		Debug|Any CPU = Debug|Any CPU
		Release|Any CPU = Release|Any CPU
	EndGlobalSection
	GlobalSection(ProjectConfigurationPlatforms) = postSolution
		{FEBF0605-B5B8-4100-8C1C-1056F148818D}.Debug|Any CPU.ActiveCfg = Debug|Any CPU
		{FEBF0605-B5B8-4100-8C1C-1056F148818D}.Debug|Any CPU.Build.0 = Debug|Any CPU
		{FEBF0605-B5B8-4100-8C1C-1056F148818D}.Release|Any CPU.ActiveCfg = Release|Any CPU
		{FEBF0605-B5B8-4100-8C1C-1056F148818D}.Release|Any CPU.Build.0 = Release|Any CPU
	EndGlobalSection
	GlobalSection(SolutionProperties) = preSolution
		HideSolutionNode = FALSE
	EndGlobalSection
	GlobalSection(ExtensibilityGlobals) = postSolution
		SolutionGuid = {EB4E1BA8-1315-42E7-A779-B28123CFB02C}
	EndGlobalSection
EndGlobal
